
Microsoft Visual Studio Solution File, Format Version 12.00
# Visual Studio Version 16
VisualStudioVersion = 16.0.29215.179
MinimumVisualStudioVersion = 10.0.40219.1
Project("{9A19103F-16F7-4668-BE54-9A1E7A4F7556}") = "IoT.WebApi", "IoT.WebApi\IoT.WebApi.csproj", "{4C5B9365-F9A2-4C2A-BCF0-F0D4C76B9891}"
EndProject
Project("{9A19103F-16F7-4668-BE54-9A1E7A4F7556}") = "IoT.Mvc", "IoT.Mvc\IoT.Mvc.csproj", "{BF1D99D9-E78B-4249-B021-7D429C91D180}"
EndProject
Project("{2150E333-8FDC-42A3-9474-1A3956D46DE8}") = "Domain", "Domain", "{18582314-F2F7-4018-A1F6-912A950425A6}"
EndProject
Project("{9A19103F-16F7-4668-BE54-9A1E7A4F7556}") = "IoT.Domain", "IoT.Domain\IoT.Domain.csproj", "{A7B488F7-2690-4717-98BA-F8F6277D640B}"
EndProject
Project("{2150E333-8FDC-42A3-9474-1A3956D46DE8}") = "Api", "Api", "{062BAAE2-441D-4A73-A01E-39855E49FCBA}"
EndProject
Project("{2150E333-8FDC-42A3-9474-1A3956D46DE8}") = "UI", "UI", "{1F28BEFF-6028-48D3-A9E8-71BC7082CF75}"
EndProject
Project("{2150E333-8FDC-42A3-9474-1A3956D46DE8}") = "Infrastructure", "Infrastructure", "{D63CA245-89C8-4816-A3E7-4256655585AB}"
EndProject
Project("{9A19103F-16F7-4668-BE54-9A1E7A4F7556}") = "IoT.Infrastructure", "IoT.Infrastructure\IoT.Infrastructure.csproj", "{9A5C192A-583F-4C9F-BF0C-689D8851E7CA}"
EndProject
Project("{9A19103F-16F7-4668-BE54-9A1E7A4F7556}") = "IoT.IoC", "IoT.IoC\IoT.IoC.csproj", "{D0532279-4C76-4513-8517-C333851C2874}"
EndProject
Project("{E53339B2-1760-4266-BCC7-CA923CBCF16C}") = "docker-compose", "docker-compose.dcproj", "{6C3F3959-272F-4A1E-BA7D-C1434E4E6AF5}"
EndProject
Project("{9A19103F-16F7-4668-BE54-9A1E7A4F7556}") = "IoT.Common", "IoT.Common\IoT.Common.csproj", "{396E1B85-C73E-4256-B340-283DCDA21BA5}"
EndProject
Project("{9A19103F-16F7-4668-BE54-9A1E7A4F7556}") = "IoT.DeviceEnactor", "IoT.DeviceEnactor\IoT.DeviceEnactor.csproj", "{FC6A5C13-0CC4-4E2D-91C7-B4B012C2194B}"
EndProject
Project("{9A19103F-16F7-4668-BE54-9A1E7A4F7556}") = "IoT.Mqtt.Broker", "IoT.Mqtt.Broker\IoT.Mqtt.Broker.csproj", "{2E60DE5A-CFBF-4593-BB11-CAB937B1BEAA}"
EndProject
Project("{2150E333-8FDC-42A3-9474-1A3956D46DE8}") = "Sketch", "Sketch", "{1F077578-D06C-4BC7-B397-90831024B492}"
	ProjectSection(SolutionItems) = preProject
		Esp8266_MQTT\Esp8266_MQTT.ino = Esp8266_MQTT\Esp8266_MQTT.ino
	EndProjectSection
EndProject
Project("{9A19103F-16F7-4668-BE54-9A1E7A4F7556}") = "IoT.DeviceListener", "IoT.DeviceListener\IoT.DeviceListener.csproj", "{0ED8B0FF-604D-4D93-91ED-750D81EC55A9}"
EndProject
Project("{2150E333-8FDC-42A3-9474-1A3956D46DE8}") = "Services", "Services", "{AAD03C4E-3EDD-47A4-BCF6-01345FA4946E}"
EndProject
Global
	GlobalSection(SolutionConfigurationPlatforms) = preSolution
		Debug|Any CPU = Debug|Any CPU
		Release|Any CPU = Release|Any CPU
	EndGlobalSection
	GlobalSection(ProjectConfigurationPlatforms) = postSolution
		{4C5B9365-F9A2-4C2A-BCF0-F0D4C76B9891}.Debug|Any CPU.ActiveCfg = Debug|Any CPU
		{4C5B9365-F9A2-4C2A-BCF0-F0D4C76B9891}.Debug|Any CPU.Build.0 = Debug|Any CPU
		{4C5B9365-F9A2-4C2A-BCF0-F0D4C76B9891}.Release|Any CPU.ActiveCfg = Release|Any CPU
		{4C5B9365-F9A2-4C2A-BCF0-F0D4C76B9891}.Release|Any CPU.Build.0 = Release|Any CPU
		{BF1D99D9-E78B-4249-B021-7D429C91D180}.Debug|Any CPU.ActiveCfg = Debug|Any CPU
		{BF1D99D9-E78B-4249-B021-7D429C91D180}.Debug|Any CPU.Build.0 = Debug|Any CPU
		{BF1D99D9-E78B-4249-B021-7D429C91D180}.Release|Any CPU.ActiveCfg = Release|Any CPU
		{BF1D99D9-E78B-4249-B021-7D429C91D180}.Release|Any CPU.Build.0 = Release|Any CPU
		{A7B488F7-2690-4717-98BA-F8F6277D640B}.Debug|Any CPU.ActiveCfg = Debug|Any CPU
		{A7B488F7-2690-4717-98BA-F8F6277D640B}.Debug|Any CPU.Build.0 = Debug|Any CPU
		{A7B488F7-2690-4717-98BA-F8F6277D640B}.Release|Any CPU.ActiveCfg = Release|Any CPU
		{A7B488F7-2690-4717-98BA-F8F6277D640B}.Release|Any CPU.Build.0 = Release|Any CPU
		{9A5C192A-583F-4C9F-BF0C-689D8851E7CA}.Debug|Any CPU.ActiveCfg = Debug|Any CPU
		{9A5C192A-583F-4C9F-BF0C-689D8851E7CA}.Debug|Any CPU.Build.0 = Debug|Any CPU
		{9A5C192A-583F-4C9F-BF0C-689D8851E7CA}.Release|Any CPU.ActiveCfg = Release|Any CPU
		{9A5C192A-583F-4C9F-BF0C-689D8851E7CA}.Release|Any CPU.Build.0 = Release|Any CPU
		{D0532279-4C76-4513-8517-C333851C2874}.Debug|Any CPU.ActiveCfg = Debug|Any CPU
		{D0532279-4C76-4513-8517-C333851C2874}.Debug|Any CPU.Build.0 = Debug|Any CPU
		{D0532279-4C76-4513-8517-C333851C2874}.Release|Any CPU.ActiveCfg = Release|Any CPU
		{D0532279-4C76-4513-8517-C333851C2874}.Release|Any CPU.Build.0 = Release|Any CPU
		{6C3F3959-272F-4A1E-BA7D-C1434E4E6AF5}.Debug|Any CPU.ActiveCfg = Debug|Any CPU
		{6C3F3959-272F-4A1E-BA7D-C1434E4E6AF5}.Debug|Any CPU.Build.0 = Debug|Any CPU
		{6C3F3959-272F-4A1E-BA7D-C1434E4E6AF5}.Release|Any CPU.ActiveCfg = Release|Any CPU
		{6C3F3959-272F-4A1E-BA7D-C1434E4E6AF5}.Release|Any CPU.Build.0 = Release|Any CPU
		{396E1B85-C73E-4256-B340-283DCDA21BA5}.Debug|Any CPU.ActiveCfg = Debug|Any CPU
		{396E1B85-C73E-4256-B340-283DCDA21BA5}.Debug|Any CPU.Build.0 = Debug|Any CPU
		{396E1B85-C73E-4256-B340-283DCDA21BA5}.Release|Any CPU.ActiveCfg = Release|Any CPU
		{396E1B85-C73E-4256-B340-283DCDA21BA5}.Release|Any CPU.Build.0 = Release|Any CPU
		{FC6A5C13-0CC4-4E2D-91C7-B4B012C2194B}.Debug|Any CPU.ActiveCfg = Debug|Any CPU
		{FC6A5C13-0CC4-4E2D-91C7-B4B012C2194B}.Debug|Any CPU.Build.0 = Debug|Any CPU
		{FC6A5C13-0CC4-4E2D-91C7-B4B012C2194B}.Release|Any CPU.ActiveCfg = Release|Any CPU
		{FC6A5C13-0CC4-4E2D-91C7-B4B012C2194B}.Release|Any CPU.Build.0 = Release|Any CPU
		{2E60DE5A-CFBF-4593-BB11-CAB937B1BEAA}.Debug|Any CPU.ActiveCfg = Debug|Any CPU
		{2E60DE5A-CFBF-4593-BB11-CAB937B1BEAA}.Debug|Any CPU.Build.0 = Debug|Any CPU
		{2E60DE5A-CFBF-4593-BB11-CAB937B1BEAA}.Release|Any CPU.ActiveCfg = Release|Any CPU
		{2E60DE5A-CFBF-4593-BB11-CAB937B1BEAA}.Release|Any CPU.Build.0 = Release|Any CPU
		{0ED8B0FF-604D-4D93-91ED-750D81EC55A9}.Debug|Any CPU.ActiveCfg = Debug|Any CPU
		{0ED8B0FF-604D-4D93-91ED-750D81EC55A9}.Debug|Any CPU.Build.0 = Debug|Any CPU
		{0ED8B0FF-604D-4D93-91ED-750D81EC55A9}.Release|Any CPU.ActiveCfg = Release|Any CPU
		{0ED8B0FF-604D-4D93-91ED-750D81EC55A9}.Release|Any CPU.Build.0 = Release|Any CPU
	EndGlobalSection
	GlobalSection(SolutionProperties) = preSolution
		HideSolutionNode = FALSE
	EndGlobalSection
	GlobalSection(NestedProjects) = preSolution
		{4C5B9365-F9A2-4C2A-BCF0-F0D4C76B9891} = {062BAAE2-441D-4A73-A01E-39855E49FCBA}
		{BF1D99D9-E78B-4249-B021-7D429C91D180} = {1F28BEFF-6028-48D3-A9E8-71BC7082CF75}
		{A7B488F7-2690-4717-98BA-F8F6277D640B} = {18582314-F2F7-4018-A1F6-912A950425A6}
		{9A5C192A-583F-4C9F-BF0C-689D8851E7CA} = {D63CA245-89C8-4816-A3E7-4256655585AB}
		{FC6A5C13-0CC4-4E2D-91C7-B4B012C2194B} = {AAD03C4E-3EDD-47A4-BCF6-01345FA4946E}
		{0ED8B0FF-604D-4D93-91ED-750D81EC55A9} = {AAD03C4E-3EDD-47A4-BCF6-01345FA4946E}
	EndGlobalSection
	GlobalSection(ExtensibilityGlobals) = postSolution
		SolutionGuid = {FB7EB8F1-8700-40AA-B314-6D0D3ED008A8}
	EndGlobalSection
EndGlobal
